// !$*UTF8*$!
{
	archiveVersion = 1;
	classes = {
	};
	objectVersion = 50;
	objects = {

/* Begin PBXBuildFile section */
		2E7F39B4252DF80F00F458B7 /* LuigiIcon.png in Resources */ = {isa = PBXBuildFile; fileRef = 2E7F39B3252DF80F00F458B7 /* LuigiIcon.png */; };
		2ED35FB42524C35200EC2703 /* AppDelegate.swift in Sources */ = {isa = PBXBuildFile; fileRef = 2ED35FB32524C35200EC2703 /* AppDelegate.swift */; };
		2ED35FB62524C35200EC2703 /* SceneDelegate.swift in Sources */ = {isa = PBXBuildFile; fileRef = 2ED35FB52524C35200EC2703 /* SceneDelegate.swift */; };
		2ED35FB82524C35200EC2703 /* ViewController.swift in Sources */ = {isa = PBXBuildFile; fileRef = 2ED35FB72524C35200EC2703 /* ViewController.swift */; };
		2ED35FBB2524C35200EC2703 /* Main.storyboard in Resources */ = {isa = PBXBuildFile; fileRef = 2ED35FB92524C35200EC2703 /* Main.storyboard */; };
		2ED35FBD2524C35500EC2703 /* Assets.xcassets in Resources */ = {isa = PBXBuildFile; fileRef = 2ED35FBC2524C35500EC2703 /* Assets.xcassets */; };
		2ED35FC02524C35500EC2703 /* LaunchScreen.storyboard in Resources */ = {isa = PBXBuildFile; fileRef = 2ED35FBE2524C35500EC2703 /* LaunchScreen.storyboard */; };
/* End PBXBuildFile section */

/* Begin PBXFileReference section */
		2E7F39B3252DF80F00F458B7 /* LuigiIcon.png */ = {isa = PBXFileReference; lastKnownFileType = image.png; path = LuigiIcon.png; sourceTree = "<group>"; };
		2ED35FB02524C35200EC2703 /* multiply.app */ = {isa = PBXFileReference; explicitFileType = wrapper.application; includeInIndex = 0; path = multiply.app; sourceTree = BUILT_PRODUCTS_DIR; };
		2ED35FB32524C35200EC2703 /* AppDelegate.swift */ = {isa = PBXFileReference; lastKnownFileType = sourcecode.swift; path = AppDelegate.swift; sourceTree = "<group>"; };
		2ED35FB52524C35200EC2703 /* SceneDelegate.swift */ = {isa = PBXFileReference; lastKnownFileType = sourcecode.swift; path = SceneDelegate.swift; sourceTree = "<group>"; };
		2ED35FB72524C35200EC2703 /* ViewController.swift */ = {isa = PBXFileReference; lastKnownFileType = sourcecode.swift; path = ViewController.swift; sourceTree = "<group>"; };
		2ED35FBA2524C35200EC2703 /* Base */ = {isa = PBXFileReference; lastKnownFileType = file.storyboard; name = Base; path = Base.lproj/Main.storyboard; sourceTree = "<group>"; };
		2ED35FBC2524C35500EC2703 /* Assets.xcassets */ = {isa = PBXFileReference; lastKnownFileType = folder.assetcatalog; path = Assets.xcassets; sourceTree = "<group>"; };
		2ED35FBF2524C35500EC2703 /* Base */ = {isa = PBXFileReference; lastKnownFileType = file.storyboard; name = Base; path = Base.lproj/LaunchScreen.storyboard; sourceTree = "<group>"; };
		2ED35FC12524C35500EC2703 /* Info.plist */ = {isa = PBXFileReference; lastKnownFileType = text.plist.xml; path = Info.plist; sourceTree = "<group>"; };
/* End PBXFileReference section */

/* Begin PBXFrameworksBuildPhase section */
		2ED35FAD2524C35200EC2703 /* Frameworks */ = {
			isa = PBXFrameworksBuildPhase;
			buildActionMask = 2147483647;
			files = (
			);
			runOnlyForDeploymentPostprocessing = 0;
		};
/* End PBXFrameworksBuildPhase section */

/* Begin PBXGroup section */
		2ED35FA72524C35200EC2703 = {
			isa = PBXGroup;
			children = (
				2ED35FB22524C35200EC2703 /* mxltiply */,
				2ED35FB12524C35200EC2703 /* Products */,
			);
			sourceTree = "<group>";
		};
		2ED35FB12524C35200EC2703 /* Products */ = {
			isa = PBXGroup;
			children = (
				2ED35FB02524C35200EC2703 /* multiply.app */,
			);
			name = Products;
			sourceTree = "<group>";
		};
		2ED35FB22524C35200EC2703 /* mxltiply */ = {
			isa = PBXGroup;
			children = (
				2ED35FB32524C35200EC2703 /* AppDelegate.swift */,
				2ED35FB52524C35200EC2703 /* SceneDelegate.swift */,
				2ED35FB72524C35200EC2703 /* ViewController.swift */,
				2ED35FB92524C35200EC2703 /* Main.storyboard */,
				2ED35FBC2524C35500EC2703 /* Assets.xcassets */,
				2ED35FBE2524C35500EC2703 /* LaunchScreen.storyboard */,
				2ED35FC12524C35500EC2703 /* Info.plist */,
				2E7F39B3252DF80F00F458B7 /* LuigiIcon.png */,
			);
			path = mxltiply;
			sourceTree = "<group>";
		};
/* End PBXGroup section */

/* Begin PBXNativeTarget section */
		2ED35FAF2524C35200EC2703 /* mxltiply */ = {
			isa = PBXNativeTarget;
			buildConfigurationList = 2ED35FC42524C35500EC2703 /* Build configuration list for PBXNativeTarget "mxltiply" */;
			buildPhases = (
				2ED35FAC2524C35200EC2703 /* Sources */,
				2ED35FAD2524C35200EC2703 /* Frameworks */,
				2ED35FAE2524C35200EC2703 /* Resources */,
			);
			buildRules = (
			);
			dependencies = (
			);
			name = mxltiply;
			productName = mxltiply;
			productReference = 2ED35FB02524C35200EC2703 /* multiply.app */;
			productType = "com.apple.product-type.application";
		};
/* End PBXNativeTarget section */

/* Begin PBXProject section */
		2ED35FA82524C35200EC2703 /* Project object */ = {
			isa = PBXProject;
			attributes = {
				LastSwiftUpdateCheck = 1130;
				LastUpgradeCheck = 1130;
				ORGANIZATIONNAME = "Owen Lieberman";
				TargetAttributes = {
					2ED35FAF2524C35200EC2703 = {
						CreatedOnToolsVersion = 11.3.1;
					};
				};
			};
			buildConfigurationList = 2ED35FAB2524C35200EC2703 /* Build configuration list for PBXProject "mxltiply" */;
			compatibilityVersion = "Xcode 9.3";
			developmentRegion = en;
			hasScannedForEncodings = 0;
			knownRegions = (
				en,
				Base,
			);
			mainGroup = 2ED35FA72524C35200EC2703;
			productRefGroup = 2ED35FB12524C35200EC2703 /* Products */;
			projectDirPath = "";
			projectRoot = "";
			targets = (
				2ED35FAF2524C35200EC2703 /* mxltiply */,
			);
		};
/* End PBXProject section */

/* Begin PBXResourcesBuildPhase section */
		2ED35FAE2524C35200EC2703 /* Resources */ = {
			isa = PBXResourcesBuildPhase;
			buildActionMask = 2147483647;
			files = (
				2ED35FC02524C35500EC2703 /* LaunchScreen.storyboard in Resources */,
				2E7F39B4252DF80F00F458B7 /* LuigiIcon.png in Resources */,
				2ED35FBD2524C35500EC2703 /* Assets.xcassets in Resources */,
				2ED35FBB2524C35200EC2703 /* Main.storyboard in Resources */,
			);
			runOnlyForDeploymentPostprocessing = 0;
		};
/* End PBXResourcesBuildPhase section */

/* Begin PBXSourcesBuildPhase section */
		2ED35FAC2524C35200EC2703 /* Sources */ = {
			isa = PBXSourcesBuildPhase;
			buildActionMask = 2147483647;
			files = (
				2ED35FB82524C35200EC2703 /* ViewController.swift in Sources */,
				2ED35FB42524C35200EC2703 /* AppDelegate.swift in Sources */,
				2ED35FB62524C35200EC2703 /* SceneDelegate.swift in Sources */,
			);
			runOnlyForDeploymentPostprocessing = 0;
		};
/* End PBXSourcesBuildPhase section */

/* Begin PBXVariantGroup section */
		2ED35FB92524C35200EC2703 /* Main.storyboard */ = {
			isa = PBXVariantGroup;
			children = (
				2ED35FBA2524C35200EC2703 /* Base */,
			);
			name = Main.storyboard;
			sourceTree = "<group>";
		};
		2ED35FBE2524C35500EC2703 /* LaunchScreen.storyboard */ = {
			isa = PBXVariantGroup;
			children = (
				2ED35FBF2524C35500EC2703 /* Base */,
			);
			name = LaunchScreen.storyboard;
			sourceTree = "<group>";
		};
/* End PBXVariantGroup section */

/* Begin XCBuildConfiguration section */
		2ED35FC22524C35500EC2703 /* Debug */ = {
			isa = XCBuildConfiguration;
			buildSettings = {
				ALWAYS_SEARCH_USER_PATHS = NO;
				CLANG_ANALYZER_NONNULL = YES;
				CLANG_ANALYZER_NUMBER_OBJECT_CONVERSION = YES_AGGRESSIVE;
				CLANG_CXX_LANGUAGE_STANDARD = "gnu++14";
				CLANG_CXX_LIBRARY = "libc++";
				CLANG_ENABLE_MODULES = YES;
				CLANG_ENABLE_OBJC_ARC = YES;
				CLANG_ENABLE_OBJC_WEAK = YES;
				CLANG_WARN_BLOCK_CAPTURE_AUTORELEASING = YES;
				CLANG_WARN_BOOL_CONVERSION = YES;
				CLANG_WARN_COMMA = YES;
				CLANG_WARN_CONSTANT_CONVERSION = YES;
				CLANG_WARN_DEPRECATED_OBJC_IMPLEMENTATIONS = YES;
				CLANG_WARN_DIRECT_OBJC_ISA_USAGE = YES_ERROR;
				CLANG_WARN_DOCUMENTATION_COMMENTS = YES;
				CLANG_WARN_EMPTY_BODY = YES;
				CLANG_WARN_ENUM_CONVERSION = YES;
				CLANG_WARN_INFINITE_RECURSION = YES;
				CLANG_WARN_INT_CONVERSION = YES;
				CLANG_WARN_NON_LITERAL_NULL_CONVERSION = YES;
				CLANG_WARN_OBJC_IMPLICIT_RETAIN_SELF = YES;
				CLANG_WARN_OBJC_LITERAL_CONVERSION = YES;
				CLANG_WARN_OBJC_ROOT_CLASS = YES_ERROR;
				CLANG_WARN_RANGE_LOOP_ANALYSIS = YES;
				CLANG_WARN_STRICT_PROTOTYPES = YES;
				CLANG_WARN_SUSPICIOUS_MOVE = YES;
				CLANG_WARN_UNGUARDED_AVAILABILITY = YES_AGGRESSIVE;
				CLANG_WARN_UNREACHABLE_CODE = YES;
				CLANG_WARN__DUPLICATE_METHOD_MATCH = YES;
				COPY_PHASE_STRIP = NO;
				DEBUG_INFORMATION_FORMAT = dwarf;
				ENABLE_STRICT_OBJC_MSGSEND = YES;
				ENABLE_TESTABILITY = YES;
				GCC_C_LANGUAGE_STANDARD = gnu11;
				GCC_DYNAMIC_NO_PIC = NO;
				GCC_NO_COMMON_BLOCKS = YES;
				GCC_OPTIMIZATION_LEVEL = 0;
				GCC_PREPROCESSOR_DEFINITIONS = (
					"DEBUG=1",
					"$(inherited)",
				);
				GCC_WARN_64_TO_32_BIT_CONVERSION = YES;
				GCC_WARN_ABOUT_RETURN_TYPE = YES_ERROR;
				GCC_WARN_UNDECLARED_SELECTOR = YES;
				GCC_WARN_UNINITIALIZED_AUTOS = YES_AGGRESSIVE;
				GCC_WARN_UNUSED_FUNCTION = YES;
				GCC_WARN_UNUSED_VARIABLE = YES;
				IPHONEOS_DEPLOYMENT_TARGET = 13.2;
				MTL_ENABLE_DEBUG_INFO = INCLUDE_SOURCE;
				MTL_FAST_MATH = YES;
				ONLY_ACTIVE_ARCH = YES;
				SDKROOT = iphoneos;
				SWIFT_ACTIVE_COMPILATION_CONDITIONS = DEBUG;
				SWIFT_OPTIMIZATION_LEVEL = "-Onone";
			};
			name = Debug;
		};
		2ED35FC32524C35500EC2703 /* Release */ = {
			isa = XCBuildConfiguration;
			buildSettings = {
				ALWAYS_SEARCH_USER_PATHS = NO;
				CLANG_ANALYZER_NONNULL = YES;
				CLANG_ANALYZER_NUMBER_OBJECT_CONVERSION = YES_AGGRESSIVE;
				CLANG_CXX_LANGUAGE_STANDARD = "gnu++14";
				CLANG_CXX_LIBRARY = "libc++";
				CLANG_ENABLE_MODULES = YES;
				CLANG_ENABLE_OBJC_ARC = YES;
				CLANG_ENABLE_OBJC_WEAK = YES;
				CLANG_WARN_BLOCK_CAPTURE_AUTORELEASING = YES;
				CLANG_WARN_BOOL_CONVERSION = YES;
				CLANG_WARN_COMMA = YES;
				CLANG_WARN_CONSTANT_CONVERSION = YES;
				CLANG_WARN_DEPRECATED_OBJC_IMPLEMENTATIONS = YES;
				CLANG_WARN_DIRECT_OBJC_ISA_USAGE = YES_ERROR;
				CLANG_WARN_DOCUMENTATION_COMMENTS = YES;
				CLANG_WARN_EMPTY_BODY = YES;
				CLANG_WARN_ENUM_CONVERSION = YES;
				CLANG_WARN_INFINITE_RECURSION = YES;
				CLANG_WARN_INT_CONVERSION = YES;
				CLANG_WARN_NON_LITERAL_NULL_CONVERSION = YES;
				CLANG_WARN_OBJC_IMPLICIT_RETAIN_SELF = YES;
				CLANG_WARN_OBJC_LITERAL_CONVERSION = YES;
				CLANG_WARN_OBJC_ROOT_CLASS = YES_ERROR;
				CLANG_WARN_RANGE_LOOP_ANALYSIS = YES;
				CLANG_WARN_STRICT_PROTOTYPES = YES;
				CLANG_WARN_SUSPICIOUS_MOVE = YES;
				CLANG_WARN_UNGUARDED_AVAILABILITY = YES_AGGRESSIVE;
				CLANG_WARN_UNREACHABLE_CODE = YES;
				CLANG_WARN__DUPLICATE_METHOD_MATCH = YES;
				COPY_PHASE_STRIP = NO;
				DEBUG_INFORMATION_FORMAT = "dwarf-with-dsym";
				ENABLE_NS_ASSERTIONS = NO;
				ENABLE_STRICT_OBJC_MSGSEND = YES;
				GCC_C_LANGUAGE_STANDARD = gnu11;
				GCC_NO_COMMON_BLOCKS = YES;
				GCC_WARN_64_TO_32_BIT_CONVERSION = YES;
				GCC_WARN_ABOUT_RETURN_TYPE = YES_ERROR;
				GCC_WARN_UNDECLARED_SELECTOR = YES;
				GCC_WARN_UNINITIALIZED_AUTOS = YES_AGGRESSIVE;
				GCC_WARN_UNUSED_FUNCTION = YES;
				GCC_WARN_UNUSED_VARIABLE = YES;
				IPHONEOS_DEPLOYMENT_TARGET = 13.2;
				MTL_ENABLE_DEBUG_INFO = NO;
				MTL_FAST_MATH = YES;
				SDKROOT = iphoneos;
				SWIFT_COMPILATION_MODE = wholemodule;
				SWIFT_OPTIMIZATION_LEVEL = "-O";
				VALIDATE_PRODUCT = YES;
			};
			name = Release;
		};
		2ED35FC52524C35500EC2703 /* Debug */ = {
			isa = XCBuildConfiguration;
			buildSettings = {
				ASSETCATALOG_COMPILER_APPICON_NAME = AppIcon;
				CODE_SIGN_STYLE = Automatic;
				INFOPLIST_FILE = mxltiply/Info.plist;
				LD_RUNPATH_SEARCH_PATHS = (
					"$(inherited)",
					"@executable_path/Frameworks",
				);
				PRODUCT_BUNDLE_IDENTIFIER = owenlieberman.mxltiply;
				PRODUCT_NAME = multiply;
				SWIFT_VERSION = 5.0;
				TARGETED_DEVICE_FAMILY = "1,2";
			};
			name = Debug;
		};
		2ED35FC62524C35500EC2703 /* Release */ = {
			isa = XCBuildConfiguration;
			buildSettings = {
				ASSETCATALOG_COMPILER_APPICON_NAME = AppIcon;
				CODE_SIGN_STYLE = Automatic;
				INFOPLIST_FILE = mxltiply/Info.plist;
				LD_RUNPATH_SEARCH_PATHS = (
					"$(inherited)",
					"@executable_path/Frameworks",
				);
				PRODUCT_BUNDLE_IDENTIFIER = owenlieberman.mxltiply;
				PRODUCT_NAME = multiply;
				SWIFT_VERSION = 5.0;
				TARGETED_DEVICE_FAMILY = "1,2";
			};
			name = Release;
		};
/* End XCBuildConfiguration section */

/* Begin XCConfigurationList section */
		2ED35FAB2524C35200EC2703 /* Build configuration list for PBXProject "mxltiply" */ = {
			isa = XCConfigurationList;
			buildConfigurations = (
				2ED35FC22524C35500EC2703 /* Debug */,
				2ED35FC32524C35500EC2703 /* Release */,
			);
			defaultConfigurationIsVisible = 0;
			defaultConfigurationName = Release;
		};
		2ED35FC42524C35500EC2703 /* Build configuration list for PBXNativeTarget "mxltiply" */ = {
			isa = XCConfigurationList;
			buildConfigurations = (
				2ED35FC52524C35500EC2703 /* Debug */,
				2ED35FC62524C35500EC2703 /* Release */,
			);
			defaultConfigurationIsVisible = 0;
			defaultConfigurationName = Release;
		};
/* End XCConfigurationList section */
	};
	rootObject = 2ED35FA82524C35200EC2703 /* Project object */;
}
